
Microsoft Visual Studio Solution File, Format Version 12.00
# Visual Studio 2012
Project("{FAE04EC0-301F-11D3-BF4B-00C04F79EFBC}") = "FsMock", "FsMock.csproj", "{C2693E58-BD84-44C7-961B-F5DDEE4BE697}"
EndProject
Project("{2150E333-8FDC-42A3-9474-1A3956D46DE8}") = "Solution Items", "Solution Items", "{948B4E25-6E2D-4385-913A-7DEDAEB54281}"
	ProjectSection(SolutionItems) = preProject
		..\README.md = ..\README.md
	EndProjectSection
EndProject
Global
	GlobalSection(SolutionConfigurationPlatforms) = preSolution
		Debug|Any CPU = Debug|Any CPU
		Release|Any CPU = Release|Any CPU
	EndGlobalSection
	GlobalSection(ProjectConfigurationPlatforms) = postSolution
		{C2693E58-BD84-44C7-961B-F5DDEE4BE697}.Debug|Any CPU.ActiveCfg = Release|Any CPU
		{C2693E58-BD84-44C7-961B-F5DDEE4BE697}.Debug|Any CPU.Build.0 = Release|Any CPU
		{C2693E58-BD84-44C7-961B-F5DDEE4BE697}.Release|Any CPU.ActiveCfg = Release|Any CPU
		{C2693E58-BD84-44C7-961B-F5DDEE4BE697}.Release|Any CPU.Build.0 = Release|Any CPU
	EndGlobalSection
	GlobalSection(SolutionProperties) = preSolution
		HideSolutionNode = FALSE
	EndGlobalSection
EndGlobal
